// !$*UTF8*$!
{
	archiveVersion = 1;
	classes = {
	};
	objectVersion = 51;
	objects = {

/* Begin PBXBuildFile section */
		06981FC2CC7CE5BCEF1DA49D /* Pods_The_Foodey.framework in Frameworks */ = {isa = PBXBuildFile; fileRef = 0D2E34865B0D37E3A9151CCA /* Pods_The_Foodey.framework */; };
		CE1BCD1A234CFA11008911D0 /* Cart.storyboard in Resources */ = {isa = PBXBuildFile; fileRef = CE1BCD19234CFA11008911D0 /* Cart.storyboard */; };
		CE1BCD1D234CFEEB008911D0 /* Order.storyboard in Resources */ = {isa = PBXBuildFile; fileRef = CE1BCD1C234CFEEB008911D0 /* Order.storyboard */; };
		CE50D1EF23389B2A0070E843 /* Constant.swift in Sources */ = {isa = PBXBuildFile; fileRef = CE50D1EE23389B2A0070E843 /* Constant.swift */; };
		CE532419234C8F3F00624BE9 /* Nav.storyboard in Resources */ = {isa = PBXBuildFile; fileRef = CE532418234C8F3F00624BE9 /* Nav.storyboard */; };
		CE5FC7412344E6510085B882 /* StoryboardExt.swift in Sources */ = {isa = PBXBuildFile; fileRef = CE5FC7402344E6510085B882 /* StoryboardExt.swift */; };
		CE5FC7432344EC9C0085B882 /* VCExt.swift in Sources */ = {isa = PBXBuildFile; fileRef = CE5FC7422344EC9C0085B882 /* VCExt.swift */; };
		CE6F3CF123435C69001C0599 /* Auth.storyboard in Resources */ = {isa = PBXBuildFile; fileRef = CE6F3CF023435C69001C0599 /* Auth.storyboard */; };
		CE9EC841233F38AF00FF25D6 /* FoodDetailsVC.swift in Sources */ = {isa = PBXBuildFile; fileRef = CE9EC840233F38AF00FF25D6 /* FoodDetailsVC.swift */; };
		CE9EC844233F557200FF25D6 /* MyUserDefault.swift in Sources */ = {isa = PBXBuildFile; fileRef = CE9EC843233F557200FF25D6 /* MyUserDefault.swift */; };
		CE9EC846233F565D00FF25D6 /* User.swift in Sources */ = {isa = PBXBuildFile; fileRef = CE9EC845233F565D00FF25D6 /* User.swift */; };
		CEC13BFB2353198600CF5937 /* DataModel.xcdatamodeld in Sources */ = {isa = PBXBuildFile; fileRef = CEC13BF92353198600CF5937 /* DataModel.xcdatamodeld */; };
		CEDC81372338E870009C858F /* HomeVC.swift in Sources */ = {isa = PBXBuildFile; fileRef = CEDC81362338E870009C858F /* HomeVC.swift */; };
		CEDC813923390B44009C858F /* Food.swift in Sources */ = {isa = PBXBuildFile; fileRef = CEDC813823390B44009C858F /* Food.swift */; };
		CEDC813B23393EF3009C858F /* FoodCell.swift in Sources */ = {isa = PBXBuildFile; fileRef = CEDC813A23393EF3009C858F /* FoodCell.swift */; };
		CEE6E739233BF48C0051840A /* DataService.swift in Sources */ = {isa = PBXBuildFile; fileRef = CEE6E738233BF48C0051840A /* DataService.swift */; };
		CEE9BA5623326B84000FAC42 /* AppDelegate.swift in Sources */ = {isa = PBXBuildFile; fileRef = CEE9BA5523326B84000FAC42 /* AppDelegate.swift */; };
		CEE9BA5823326B84000FAC42 /* LoginVC.swift in Sources */ = {isa = PBXBuildFile; fileRef = CEE9BA5723326B84000FAC42 /* LoginVC.swift */; };
		CEE9BA5B23326B84000FAC42 /* Main.storyboard in Resources */ = {isa = PBXBuildFile; fileRef = CEE9BA5923326B84000FAC42 /* Main.storyboard */; };
		CEE9BA5D23326B85000FAC42 /* Assets.xcassets in Resources */ = {isa = PBXBuildFile; fileRef = CEE9BA5C23326B85000FAC42 /* Assets.xcassets */; };
		CEE9BA6023326B85000FAC42 /* LaunchScreen.storyboard in Resources */ = {isa = PBXBuildFile; fileRef = CEE9BA5E23326B85000FAC42 /* LaunchScreen.storyboard */; };
		CEE9BA6B23327E75000FAC42 /* RegisterVC.swift in Sources */ = {isa = PBXBuildFile; fileRef = CEE9BA6A23327E75000FAC42 /* RegisterVC.swift */; };
/* End PBXBuildFile section */

/* Begin PBXFileReference section */
		0D2E34865B0D37E3A9151CCA /* Pods_The_Foodey.framework */ = {isa = PBXFileReference; explicitFileType = wrapper.framework; includeInIndex = 0; path = Pods_The_Foodey.framework; sourceTree = BUILT_PRODUCTS_DIR; };
		7CDE58C7B1F6AF881A4DE2DC /* Pods-The Foodey.release.xcconfig */ = {isa = PBXFileReference; includeInIndex = 1; lastKnownFileType = text.xcconfig; name = "Pods-The Foodey.release.xcconfig"; path = "Target Support Files/Pods-The Foodey/Pods-The Foodey.release.xcconfig"; sourceTree = "<group>"; };
		CE1BCD19234CFA11008911D0 /* Cart.storyboard */ = {isa = PBXFileReference; lastKnownFileType = file.storyboard; path = Cart.storyboard; sourceTree = "<group>"; };
		CE1BCD1C234CFEEB008911D0 /* Order.storyboard */ = {isa = PBXFileReference; lastKnownFileType = file.storyboard; path = Order.storyboard; sourceTree = "<group>"; };
		CE50D1EE23389B2A0070E843 /* Constant.swift */ = {isa = PBXFileReference; lastKnownFileType = sourcecode.swift; path = Constant.swift; sourceTree = "<group>"; };
		CE532418234C8F3F00624BE9 /* Nav.storyboard */ = {isa = PBXFileReference; lastKnownFileType = file.storyboard; path = Nav.storyboard; sourceTree = "<group>"; };
		CE5FC7402344E6510085B882 /* StoryboardExt.swift */ = {isa = PBXFileReference; lastKnownFileType = sourcecode.swift; path = StoryboardExt.swift; sourceTree = "<group>"; };
		CE5FC7422344EC9C0085B882 /* VCExt.swift */ = {isa = PBXFileReference; lastKnownFileType = sourcecode.swift; path = VCExt.swift; sourceTree = "<group>"; };
		CE6F3CF023435C69001C0599 /* Auth.storyboard */ = {isa = PBXFileReference; lastKnownFileType = file.storyboard; path = Auth.storyboard; sourceTree = "<group>"; };
		CE9EC840233F38AF00FF25D6 /* FoodDetailsVC.swift */ = {isa = PBXFileReference; lastKnownFileType = sourcecode.swift; path = FoodDetailsVC.swift; sourceTree = "<group>"; };
		CE9EC843233F557200FF25D6 /* MyUserDefault.swift */ = {isa = PBXFileReference; lastKnownFileType = sourcecode.swift; path = MyUserDefault.swift; sourceTree = "<group>"; };
		CE9EC845233F565D00FF25D6 /* User.swift */ = {isa = PBXFileReference; lastKnownFileType = sourcecode.swift; path = User.swift; sourceTree = "<group>"; };
		CEC13BFA2353198600CF5937 /* DataModel.xcdatamodel */ = {isa = PBXFileReference; lastKnownFileType = wrapper.xcdatamodel; path = DataModel.xcdatamodel; sourceTree = "<group>"; };
		CEDC81362338E870009C858F /* HomeVC.swift */ = {isa = PBXFileReference; lastKnownFileType = sourcecode.swift; path = HomeVC.swift; sourceTree = "<group>"; };
		CEDC813823390B44009C858F /* Food.swift */ = {isa = PBXFileReference; lastKnownFileType = sourcecode.swift; path = Food.swift; sourceTree = "<group>"; };
		CEDC813A23393EF3009C858F /* FoodCell.swift */ = {isa = PBXFileReference; lastKnownFileType = sourcecode.swift; path = FoodCell.swift; sourceTree = "<group>"; };
		CEE6E738233BF48C0051840A /* DataService.swift */ = {isa = PBXFileReference; lastKnownFileType = sourcecode.swift; path = DataService.swift; sourceTree = "<group>"; };
		CEE9BA5223326B84000FAC42 /* The Foodey.app */ = {isa = PBXFileReference; explicitFileType = wrapper.application; includeInIndex = 0; path = "The Foodey.app"; sourceTree = BUILT_PRODUCTS_DIR; };
		CEE9BA5523326B84000FAC42 /* AppDelegate.swift */ = {isa = PBXFileReference; lastKnownFileType = sourcecode.swift; path = AppDelegate.swift; sourceTree = "<group>"; };
		CEE9BA5723326B84000FAC42 /* LoginVC.swift */ = {isa = PBXFileReference; lastKnownFileType = sourcecode.swift; path = LoginVC.swift; sourceTree = "<group>"; };
		CEE9BA5A23326B84000FAC42 /* Base */ = {isa = PBXFileReference; lastKnownFileType = file.storyboard; name = Base; path = Base.lproj/Main.storyboard; sourceTree = "<group>"; };
		CEE9BA5C23326B85000FAC42 /* Assets.xcassets */ = {isa = PBXFileReference; lastKnownFileType = folder.assetcatalog; path = Assets.xcassets; sourceTree = "<group>"; };
		CEE9BA5F23326B85000FAC42 /* Base */ = {isa = PBXFileReference; lastKnownFileType = file.storyboard; name = Base; path = Base.lproj/LaunchScreen.storyboard; sourceTree = "<group>"; };
		CEE9BA6123326B85000FAC42 /* Info.plist */ = {isa = PBXFileReference; lastKnownFileType = text.plist.xml; path = Info.plist; sourceTree = "<group>"; };
		CEE9BA6A23327E75000FAC42 /* RegisterVC.swift */ = {isa = PBXFileReference; lastKnownFileType = sourcecode.swift; path = RegisterVC.swift; sourceTree = "<group>"; };
		E9A3F886A0AB1EBD6C884225 /* Pods-The Foodey.debug.xcconfig */ = {isa = PBXFileReference; includeInIndex = 1; lastKnownFileType = text.xcconfig; name = "Pods-The Foodey.debug.xcconfig"; path = "Target Support Files/Pods-The Foodey/Pods-The Foodey.debug.xcconfig"; sourceTree = "<group>"; };
/* End PBXFileReference section */

/* Begin PBXFrameworksBuildPhase section */
		CEE9BA4F23326B84000FAC42 /* Frameworks */ = {
			isa = PBXFrameworksBuildPhase;
			buildActionMask = 2147483647;
			files = (
				06981FC2CC7CE5BCEF1DA49D /* Pods_The_Foodey.framework in Frameworks */,
			);
			runOnlyForDeploymentPostprocessing = 0;
		};
/* End PBXFrameworksBuildPhase section */

/* Begin PBXGroup section */
		2E67482879AB4A47779914C5 /* Frameworks */ = {
			isa = PBXGroup;
			children = (
				0D2E34865B0D37E3A9151CCA /* Pods_The_Foodey.framework */,
			);
			name = Frameworks;
			sourceTree = "<group>";
		};
		69173A81B73EEF65C1E9B485 /* Pods */ = {
			isa = PBXGroup;
			children = (
				E9A3F886A0AB1EBD6C884225 /* Pods-The Foodey.debug.xcconfig */,
				7CDE58C7B1F6AF881A4DE2DC /* Pods-The Foodey.release.xcconfig */,
			);
			path = Pods;
			sourceTree = "<group>";
		};
		CE50D1EC233898660070E843 /* Model */ = {
			isa = PBXGroup;
			children = (
				CEDC813823390B44009C858F /* Food.swift */,
				CE9EC845233F565D00FF25D6 /* User.swift */,
				CEC13BF92353198600CF5937 /* DataModel.xcdatamodeld */,
			);
			path = Model;
			sourceTree = "<group>";
		};
		CE50D1ED2338986E0070E843 /* Helper */ = {
			isa = PBXGroup;
			children = (
				CE50D1EE23389B2A0070E843 /* Constant.swift */,
				CE5FC7402344E6510085B882 /* StoryboardExt.swift */,
				CE5FC7422344EC9C0085B882 /* VCExt.swift */,
			);
			path = Helper;
			sourceTree = "<group>";
		};
		CE9EC842233F554700FF25D6 /* Data */ = {
			isa = PBXGroup;
			children = (
				CEE6E738233BF48C0051840A /* DataService.swift */,
				CE9EC843233F557200FF25D6 /* MyUserDefault.swift */,
			);
			path = Data;
			sourceTree = "<group>";
		};
		CEE9BA4923326B84000FAC42 = {
			isa = PBXGroup;
			children = (
				CEE9BA5423326B84000FAC42 /* The Foodey */,
				CEE9BA5323326B84000FAC42 /* Products */,
				69173A81B73EEF65C1E9B485 /* Pods */,
				2E67482879AB4A47779914C5 /* Frameworks */,
			);
			sourceTree = "<group>";
		};
		CEE9BA5323326B84000FAC42 /* Products */ = {
			isa = PBXGroup;
			children = (
				CEE9BA5223326B84000FAC42 /* The Foodey.app */,
			);
			name = Products;
			sourceTree = "<group>";
		};
		CEE9BA5423326B84000FAC42 /* The Foodey */ = {
			isa = PBXGroup;
			children = (
				CE9EC842233F554700FF25D6 /* Data */,
				CE50D1ED2338986E0070E843 /* Helper */,
				CE50D1EC233898660070E843 /* Model */,
				CEE9BA6823326BBD000FAC42 /* Support FIles */,
				CEE9BA6723326BA7000FAC42 /* Controller */,
				CEE9BA6923326BCC000FAC42 /* View */,
				CEE9BA6123326B85000FAC42 /* Info.plist */,
			);
			path = "The Foodey";
			sourceTree = "<group>";
		};
		CEE9BA6723326BA7000FAC42 /* Controller */ = {
			isa = PBXGroup;
			children = (
				CEE9BA5723326B84000FAC42 /* LoginVC.swift */,
				CEE9BA6A23327E75000FAC42 /* RegisterVC.swift */,
				CEDC81362338E870009C858F /* HomeVC.swift */,
				CE9EC840233F38AF00FF25D6 /* FoodDetailsVC.swift */,
			);
			path = Controller;
			sourceTree = "<group>";
		};
		CEE9BA6823326BBD000FAC42 /* Support FIles */ = {
			isa = PBXGroup;
			children = (
				CEE9BA5523326B84000FAC42 /* AppDelegate.swift */,
				CEE9BA5C23326B85000FAC42 /* Assets.xcassets */,
				CEE9BA5E23326B85000FAC42 /* LaunchScreen.storyboard */,
			);
			path = "Support FIles";
			sourceTree = "<group>";
		};
		CEE9BA6923326BCC000FAC42 /* View */ = {
			isa = PBXGroup;
			children = (
				CEE9BA5923326B84000FAC42 /* Main.storyboard */,
				CEDC813A23393EF3009C858F /* FoodCell.swift */,
				CE6F3CF023435C69001C0599 /* Auth.storyboard */,
				CE532418234C8F3F00624BE9 /* Nav.storyboard */,
				CE1BCD19234CFA11008911D0 /* Cart.storyboard */,
				CE1BCD1C234CFEEB008911D0 /* Order.storyboard */,
			);
			path = View;
			sourceTree = "<group>";
		};
/* End PBXGroup section */

/* Begin PBXNativeTarget section */
		CEE9BA5123326B84000FAC42 /* The Foodey */ = {
			isa = PBXNativeTarget;
			buildConfigurationList = CEE9BA6423326B85000FAC42 /* Build configuration list for PBXNativeTarget "The Foodey" */;
			buildPhases = (
				E5B683D22B40E2234FD9D740 /* [CP] Check Pods Manifest.lock */,
				CEE9BA4E23326B84000FAC42 /* Sources */,
				CEE9BA4F23326B84000FAC42 /* Frameworks */,
				CEE9BA5023326B84000FAC42 /* Resources */,
				D43EBCCDEB2F1FF57860138F /* [CP] Embed Pods Frameworks */,
			);
			buildRules = (
			);
			dependencies = (
			);
			name = "The Foodey";
			productName = "The Foodey";
			productReference = CEE9BA5223326B84000FAC42 /* The Foodey.app */;
			productType = "com.apple.product-type.application";
		};
/* End PBXNativeTarget section */

/* Begin PBXProject section */
		CEE9BA4A23326B84000FAC42 /* Project object */ = {
			isa = PBXProject;
			attributes = {
				LastSwiftUpdateCheck = 1030;
				LastUpgradeCheck = 1030;
				ORGANIZATIONNAME = LastBlade;
				TargetAttributes = {
					CEE9BA5123326B84000FAC42 = {
						CreatedOnToolsVersion = 10.3;
					};
				};
			};
			buildConfigurationList = CEE9BA4D23326B84000FAC42 /* Build configuration list for PBXProject "The Foodey" */;
			compatibilityVersion = "Xcode 9.3";
			developmentRegion = en;
			hasScannedForEncodings = 0;
			knownRegions = (
				en,
				Base,
			);
			mainGroup = CEE9BA4923326B84000FAC42;
			productRefGroup = CEE9BA5323326B84000FAC42 /* Products */;
			projectDirPath = "";
			projectRoot = "";
			targets = (
				CEE9BA5123326B84000FAC42 /* The Foodey */,
			);
		};
/* End PBXProject section */

/* Begin PBXResourcesBuildPhase section */
		CEE9BA5023326B84000FAC42 /* Resources */ = {
			isa = PBXResourcesBuildPhase;
			buildActionMask = 2147483647;
			files = (
				CE6F3CF123435C69001C0599 /* Auth.storyboard in Resources */,
				CEE9BA6023326B85000FAC42 /* LaunchScreen.storyboard in Resources */,
				CEE9BA5D23326B85000FAC42 /* Assets.xcassets in Resources */,
				CE532419234C8F3F00624BE9 /* Nav.storyboard in Resources */,
				CE1BCD1D234CFEEB008911D0 /* Order.storyboard in Resources */,
				CE1BCD1A234CFA11008911D0 /* Cart.storyboard in Resources */,
				CEE9BA5B23326B84000FAC42 /* Main.storyboard in Resources */,
			);
			runOnlyForDeploymentPostprocessing = 0;
		};
/* End PBXResourcesBuildPhase section */

/* Begin PBXShellScriptBuildPhase section */
		D43EBCCDEB2F1FF57860138F /* [CP] Embed Pods Frameworks */ = {
			isa = PBXShellScriptBuildPhase;
			buildActionMask = 2147483647;
			files = (
			);
			inputFileListPaths = (
				"${PODS_ROOT}/Target Support Files/Pods-The Foodey/Pods-The Foodey-frameworks-${CONFIGURATION}-input-files.xcfilelist",
			);
			name = "[CP] Embed Pods Frameworks";
			outputFileListPaths = (
				"${PODS_ROOT}/Target Support Files/Pods-The Foodey/Pods-The Foodey-frameworks-${CONFIGURATION}-output-files.xcfilelist",
			);
			runOnlyForDeploymentPostprocessing = 0;
			shellPath = /bin/sh;
			shellScript = "\"${PODS_ROOT}/Target Support Files/Pods-The Foodey/Pods-The Foodey-frameworks.sh\"\n";
			showEnvVarsInLog = 0;
		};
		E5B683D22B40E2234FD9D740 /* [CP] Check Pods Manifest.lock */ = {
			isa = PBXShellScriptBuildPhase;
			buildActionMask = 2147483647;
			files = (
			);
			inputFileListPaths = (
			);
			inputPaths = (
				"${PODS_PODFILE_DIR_PATH}/Podfile.lock",
				"${PODS_ROOT}/Manifest.lock",
			);
			name = "[CP] Check Pods Manifest.lock";
			outputFileListPaths = (
			);
			outputPaths = (
				"$(DERIVED_FILE_DIR)/Pods-The Foodey-checkManifestLockResult.txt",
			);
			runOnlyForDeploymentPostprocessing = 0;
			shellPath = /bin/sh;
			shellScript = "diff \"${PODS_PODFILE_DIR_PATH}/Podfile.lock\" \"${PODS_ROOT}/Manifest.lock\" > /dev/null\nif [ $? != 0 ] ; then\n    # print error to STDERR\n    echo \"error: The sandbox is not in sync with the Podfile.lock. Run 'pod install' or update your CocoaPods installation.\" >&2\n    exit 1\nfi\n# This output is used by Xcode 'outputs' to avoid re-running this script phase.\necho \"SUCCESS\" > \"${SCRIPT_OUTPUT_FILE_0}\"\n";
			showEnvVarsInLog = 0;
		};
/* End PBXShellScriptBuildPhase section */

/* Begin PBXSourcesBuildPhase section */
		CEE9BA4E23326B84000FAC42 /* Sources */ = {
			isa = PBXSourcesBuildPhase;
			buildActionMask = 2147483647;
			files = (
				CE5FC7412344E6510085B882 /* StoryboardExt.swift in Sources */,
				CEE9BA6B23327E75000FAC42 /* RegisterVC.swift in Sources */,
				CEDC81372338E870009C858F /* HomeVC.swift in Sources */,
				CEC13BFB2353198600CF5937 /* DataModel.xcdatamodeld in Sources */,
				CEDC813B23393EF3009C858F /* FoodCell.swift in Sources */,
				CE50D1EF23389B2A0070E843 /* Constant.swift in Sources */,
				CEE9BA5823326B84000FAC42 /* LoginVC.swift in Sources */,
				CEE9BA5623326B84000FAC42 /* AppDelegate.swift in Sources */,
				CE9EC844233F557200FF25D6 /* MyUserDefault.swift in Sources */,
				CE9EC841233F38AF00FF25D6 /* FoodDetailsVC.swift in Sources */,
				CEDC813923390B44009C858F /* Food.swift in Sources */,
				CEE6E739233BF48C0051840A /* DataService.swift in Sources */,
				CE9EC846233F565D00FF25D6 /* User.swift in Sources */,
				CE5FC7432344EC9C0085B882 /* VCExt.swift in Sources */,
			);
			runOnlyForDeploymentPostprocessing = 0;
		};
/* End PBXSourcesBuildPhase section */

/* Begin PBXVariantGroup section */
		CEE9BA5923326B84000FAC42 /* Main.storyboard */ = {
			isa = PBXVariantGroup;
			children = (
				CEE9BA5A23326B84000FAC42 /* Base */,
			);
			name = Main.storyboard;
			sourceTree = "<group>";
		};
		CEE9BA5E23326B85000FAC42 /* LaunchScreen.storyboard */ = {
			isa = PBXVariantGroup;
			children = (
				CEE9BA5F23326B85000FAC42 /* Base */,
			);
			name = LaunchScreen.storyboard;
			sourceTree = "<group>";
		};
/* End PBXVariantGroup section */

/* Begin XCBuildConfiguration section */
		CEE9BA6223326B85000FAC42 /* Debug */ = {
			isa = XCBuildConfiguration;
			buildSettings = {
				ALWAYS_SEARCH_USER_PATHS = NO;
				CLANG_ANALYZER_NONNULL = YES;
				CLANG_ANALYZER_NUMBER_OBJECT_CONVERSION = YES_AGGRESSIVE;
				CLANG_CXX_LANGUAGE_STANDARD = "gnu++14";
				CLANG_CXX_LIBRARY = "libc++";
				CLANG_ENABLE_MODULES = YES;
				CLANG_ENABLE_OBJC_ARC = YES;
				CLANG_ENABLE_OBJC_WEAK = YES;
				CLANG_WARN_BLOCK_CAPTURE_AUTORELEASING = YES;
				CLANG_WARN_BOOL_CONVERSION = YES;
				CLANG_WARN_COMMA = YES;
				CLANG_WARN_CONSTANT_CONVERSION = YES;
				CLANG_WARN_DEPRECATED_OBJC_IMPLEMENTATIONS = YES;
				CLANG_WARN_DIRECT_OBJC_ISA_USAGE = YES_ERROR;
				CLANG_WARN_DOCUMENTATION_COMMENTS = YES;
				CLANG_WARN_EMPTY_BODY = YES;
				CLANG_WARN_ENUM_CONVERSION = YES;
				CLANG_WARN_INFINITE_RECURSION = YES;
				CLANG_WARN_INT_CONVERSION = YES;
				CLANG_WARN_NON_LITERAL_NULL_CONVERSION = YES;
				CLANG_WARN_OBJC_IMPLICIT_RETAIN_SELF = YES;
				CLANG_WARN_OBJC_LITERAL_CONVERSION = YES;
				CLANG_WARN_OBJC_ROOT_CLASS = YES_ERROR;
				CLANG_WARN_RANGE_LOOP_ANALYSIS = YES;
				CLANG_WARN_STRICT_PROTOTYPES = YES;
				CLANG_WARN_SUSPICIOUS_MOVE = YES;
				CLANG_WARN_UNGUARDED_AVAILABILITY = YES_AGGRESSIVE;
				CLANG_WARN_UNREACHABLE_CODE = YES;
				CLANG_WARN__DUPLICATE_METHOD_MATCH = YES;
				CODE_SIGN_IDENTITY = "iPhone Developer";
				COPY_PHASE_STRIP = NO;
				DEBUG_INFORMATION_FORMAT = dwarf;
				ENABLE_STRICT_OBJC_MSGSEND = YES;
				ENABLE_TESTABILITY = YES;
				GCC_C_LANGUAGE_STANDARD = gnu11;
				GCC_DYNAMIC_NO_PIC = NO;
				GCC_NO_COMMON_BLOCKS = YES;
				GCC_OPTIMIZATION_LEVEL = 0;
				GCC_PREPROCESSOR_DEFINITIONS = (
					"DEBUG=1",
					"$(inherited)",
				);
				GCC_WARN_64_TO_32_BIT_CONVERSION = YES;
				GCC_WARN_ABOUT_RETURN_TYPE = YES_ERROR;
				GCC_WARN_UNDECLARED_SELECTOR = YES;
				GCC_WARN_UNINITIALIZED_AUTOS = YES_AGGRESSIVE;
				GCC_WARN_UNUSED_FUNCTION = YES;
				GCC_WARN_UNUSED_VARIABLE = YES;
				IPHONEOS_DEPLOYMENT_TARGET = 12.4;
				MTL_ENABLE_DEBUG_INFO = INCLUDE_SOURCE;
				MTL_FAST_MATH = YES;
				ONLY_ACTIVE_ARCH = YES;
				SDKROOT = iphoneos;
				SWIFT_ACTIVE_COMPILATION_CONDITIONS = DEBUG;
				SWIFT_OPTIMIZATION_LEVEL = "-Onone";
			};
			name = Debug;
		};
		CEE9BA6323326B85000FAC42 /* Release */ = {
			isa = XCBuildConfiguration;
			buildSettings = {
				ALWAYS_SEARCH_USER_PATHS = NO;
				CLANG_ANALYZER_NONNULL = YES;
				CLANG_ANALYZER_NUMBER_OBJECT_CONVERSION = YES_AGGRESSIVE;
				CLANG_CXX_LANGUAGE_STANDARD = "gnu++14";
				CLANG_CXX_LIBRARY = "libc++";
				CLANG_ENABLE_MODULES = YES;
				CLANG_ENABLE_OBJC_ARC = YES;
				CLANG_ENABLE_OBJC_WEAK = YES;
				CLANG_WARN_BLOCK_CAPTURE_AUTORELEASING = YES;
				CLANG_WARN_BOOL_CONVERSION = YES;
				CLANG_WARN_COMMA = YES;
				CLANG_WARN_CONSTANT_CONVERSION = YES;
				CLANG_WARN_DEPRECATED_OBJC_IMPLEMENTATIONS = YES;
				CLANG_WARN_DIRECT_OBJC_ISA_USAGE = YES_ERROR;
				CLANG_WARN_DOCUMENTATION_COMMENTS = YES;
				CLANG_WARN_EMPTY_BODY = YES;
				CLANG_WARN_ENUM_CONVERSION = YES;
				CLANG_WARN_INFINITE_RECURSION = YES;
				CLANG_WARN_INT_CONVERSION = YES;
				CLANG_WARN_NON_LITERAL_NULL_CONVERSION = YES;
				CLANG_WARN_OBJC_IMPLICIT_RETAIN_SELF = YES;
				CLANG_WARN_OBJC_LITERAL_CONVERSION = YES;
				CLANG_WARN_OBJC_ROOT_CLASS = YES_ERROR;
				CLANG_WARN_RANGE_LOOP_ANALYSIS = YES;
				CLANG_WARN_STRICT_PROTOTYPES = YES;
				CLANG_WARN_SUSPICIOUS_MOVE = YES;
				CLANG_WARN_UNGUARDED_AVAILABILITY = YES_AGGRESSIVE;
				CLANG_WARN_UNREACHABLE_CODE = YES;
				CLANG_WARN__DUPLICATE_METHOD_MATCH = YES;
				CODE_SIGN_IDENTITY = "iPhone Developer";
				COPY_PHASE_STRIP = NO;
				DEBUG_INFORMATION_FORMAT = "dwarf-with-dsym";
				ENABLE_NS_ASSERTIONS = NO;
				ENABLE_STRICT_OBJC_MSGSEND = YES;
				GCC_C_LANGUAGE_STANDARD = gnu11;
				GCC_NO_COMMON_BLOCKS = YES;
				GCC_WARN_64_TO_32_BIT_CONVERSION = YES;
				GCC_WARN_ABOUT_RETURN_TYPE = YES_ERROR;
				GCC_WARN_UNDECLARED_SELECTOR = YES;
				GCC_WARN_UNINITIALIZED_AUTOS = YES_AGGRESSIVE;
				GCC_WARN_UNUSED_FUNCTION = YES;
				GCC_WARN_UNUSED_VARIABLE = YES;
				IPHONEOS_DEPLOYMENT_TARGET = 12.4;
				MTL_ENABLE_DEBUG_INFO = NO;
				MTL_FAST_MATH = YES;
				SDKROOT = iphoneos;
				SWIFT_COMPILATION_MODE = wholemodule;
				SWIFT_OPTIMIZATION_LEVEL = "-O";
				VALIDATE_PRODUCT = YES;
			};
			name = Release;
		};
		CEE9BA6523326B85000FAC42 /* Debug */ = {
			isa = XCBuildConfiguration;
			baseConfigurationReference = E9A3F886A0AB1EBD6C884225 /* Pods-The Foodey.debug.xcconfig */;
			buildSettings = {
				ASSETCATALOG_COMPILER_APPICON_NAME = AppIcon;
				CODE_SIGN_STYLE = Automatic;
				INFOPLIST_FILE = "The Foodey/Info.plist";
				IPHONEOS_DEPLOYMENT_TARGET = 12.4;
				LD_RUNPATH_SEARCH_PATHS = (
					"$(inherited)",
					"@executable_path/Frameworks",
				);
				PRODUCT_BUNDLE_IDENTIFIER = "com.shaoniiuc.The-Foodey";
				PRODUCT_NAME = "$(TARGET_NAME)";
				SWIFT_VERSION = 5.0;
				TARGETED_DEVICE_FAMILY = "1,2";
			};
			name = Debug;
		};
		CEE9BA6623326B85000FAC42 /* Release */ = {
			isa = XCBuildConfiguration;
			baseConfigurationReference = 7CDE58C7B1F6AF881A4DE2DC /* Pods-The Foodey.release.xcconfig */;
			buildSettings = {
				ASSETCATALOG_COMPILER_APPICON_NAME = AppIcon;
				CODE_SIGN_STYLE = Automatic;
				INFOPLIST_FILE = "The Foodey/Info.plist";
				IPHONEOS_DEPLOYMENT_TARGET = 12.4;
				LD_RUNPATH_SEARCH_PATHS = (
					"$(inherited)",
					"@executable_path/Frameworks",
				);
				PRODUCT_BUNDLE_IDENTIFIER = "com.shaoniiuc.The-Foodey";
				PRODUCT_NAME = "$(TARGET_NAME)";
				SWIFT_VERSION = 5.0;
				TARGETED_DEVICE_FAMILY = "1,2";
			};
			name = Release;
		};
/* End XCBuildConfiguration section */

/* Begin XCConfigurationList section */
		CEE9BA4D23326B84000FAC42 /* Build configuration list for PBXProject "The Foodey" */ = {
			isa = XCConfigurationList;
			buildConfigurations = (
				CEE9BA6223326B85000FAC42 /* Debug */,
				CEE9BA6323326B85000FAC42 /* Release */,
			);
			defaultConfigurationIsVisible = 0;
			defaultConfigurationName = Release;
		};
		CEE9BA6423326B85000FAC42 /* Build configuration list for PBXNativeTarget "The Foodey" */ = {
			isa = XCConfigurationList;
			buildConfigurations = (
				CEE9BA6523326B85000FAC42 /* Debug */,
				CEE9BA6623326B85000FAC42 /* Release */,
			);
			defaultConfigurationIsVisible = 0;
			defaultConfigurationName = Release;
		};
/* End XCConfigurationList section */

/* Begin XCVersionGroup section */
		CEC13BF92353198600CF5937 /* DataModel.xcdatamodeld */ = {
			isa = XCVersionGroup;
			children = (
				CEC13BFA2353198600CF5937 /* DataModel.xcdatamodel */,
			);
			currentVersion = CEC13BFA2353198600CF5937 /* DataModel.xcdatamodel */;
			path = DataModel.xcdatamodeld;
			sourceTree = "<group>";
			versionGroupType = wrapper.xcdatamodel;
		};
/* End XCVersionGroup section */
	};
	rootObject = CEE9BA4A23326B84000FAC42 /* Project object */;
}
